
Microsoft Visual Studio Solution File, Format Version 12.00
# Visual Studio Version 17
VisualStudioVersion = 17.4.33213.308
MinimumVisualStudioVersion = 10.0.40219.1
Project("{9A19103F-16F7-4668-BE54-9A1E7A4F7556}") = "downsizing_machineHMI", "downsizing_machineHMI\downsizing_machineHMI.csproj", "{421A1036-4782-4AC6-A6A7-2FF88FDFCC17}"
EndProject
Project("{9A19103F-16F7-4668-BE54-9A1E7A4F7556}") = "Comm.MelsecLib", "Comm.MelsecLib\Comm.MelsecLib.csproj", "{742BB7D1-8096-4CF9-B2E3-7DFD2FC8DBE7}"
EndProject
Project("{9A19103F-16F7-4668-BE54-9A1E7A4F7556}") = "AutoSystemTests", "AutoSystemTests\AutoSystemTests.csproj", "{9A39091C-9669-4D83-AD50-DF47F45D0EE8}"
EndProject
Project("{9A19103F-16F7-4668-BE54-9A1E7A4F7556}") = "DataConvertLib", "DataConvertLib\DataConvertLib.csproj", "{6E291676-C684-4405-BD5C-7370872A96D9}"
EndProject
Project("{FAE04EC0-301F-11D3-BF4B-00C04F79EFBC}") = "FunTest1", "FunTest1\FunTest1.csproj", "{9EB5B6A1-841D-4705-B34F-070A6C927567}"
EndProject
Project("{FAE04EC0-301F-11D3-BF4B-00C04F79EFBC}") = "FunTest2", "FunTest2\FunTest2.csproj", "{61F513D5-8B78-4B97-A949-D8C2D5C7E57C}"
EndProject
Global
	GlobalSection(SolutionConfigurationPlatforms) = preSolution
		Debug|Any CPU = Debug|Any CPU
		Debug|x86 = Debug|x86
		Release|Any CPU = Release|Any CPU
		Release|x86 = Release|x86
	EndGlobalSection
	GlobalSection(ProjectConfigurationPlatforms) = postSolution
		{421A1036-4782-4AC6-A6A7-2FF88FDFCC17}.Debug|Any CPU.ActiveCfg = Debug|Any CPU
		{421A1036-4782-4AC6-A6A7-2FF88FDFCC17}.Debug|Any CPU.Build.0 = Debug|Any CPU
		{421A1036-4782-4AC6-A6A7-2FF88FDFCC17}.Debug|x86.ActiveCfg = Debug|x86
		{421A1036-4782-4AC6-A6A7-2FF88FDFCC17}.Debug|x86.Build.0 = Debug|x86
		{421A1036-4782-4AC6-A6A7-2FF88FDFCC17}.Release|Any CPU.ActiveCfg = Release|Any CPU
		{421A1036-4782-4AC6-A6A7-2FF88FDFCC17}.Release|Any CPU.Build.0 = Release|Any CPU
		{421A1036-4782-4AC6-A6A7-2FF88FDFCC17}.Release|x86.ActiveCfg = Release|x86
		{421A1036-4782-4AC6-A6A7-2FF88FDFCC17}.Release|x86.Build.0 = Release|x86
		{742BB7D1-8096-4CF9-B2E3-7DFD2FC8DBE7}.Debug|Any CPU.ActiveCfg = Debug|Any CPU
		{742BB7D1-8096-4CF9-B2E3-7DFD2FC8DBE7}.Debug|Any CPU.Build.0 = Debug|Any CPU
		{742BB7D1-8096-4CF9-B2E3-7DFD2FC8DBE7}.Debug|x86.ActiveCfg = Debug|Any CPU
		{742BB7D1-8096-4CF9-B2E3-7DFD2FC8DBE7}.Debug|x86.Build.0 = Debug|Any CPU
		{742BB7D1-8096-4CF9-B2E3-7DFD2FC8DBE7}.Release|Any CPU.ActiveCfg = Release|Any CPU
		{742BB7D1-8096-4CF9-B2E3-7DFD2FC8DBE7}.Release|Any CPU.Build.0 = Release|Any CPU
		{742BB7D1-8096-4CF9-B2E3-7DFD2FC8DBE7}.Release|x86.ActiveCfg = Release|Any CPU
		{742BB7D1-8096-4CF9-B2E3-7DFD2FC8DBE7}.Release|x86.Build.0 = Release|Any CPU
		{9A39091C-9669-4D83-AD50-DF47F45D0EE8}.Debug|Any CPU.ActiveCfg = Debug|Any CPU
		{9A39091C-9669-4D83-AD50-DF47F45D0EE8}.Debug|Any CPU.Build.0 = Debug|Any CPU
		{9A39091C-9669-4D83-AD50-DF47F45D0EE8}.Debug|x86.ActiveCfg = Debug|Any CPU
		{9A39091C-9669-4D83-AD50-DF47F45D0EE8}.Debug|x86.Build.0 = Debug|Any CPU
		{9A39091C-9669-4D83-AD50-DF47F45D0EE8}.Release|Any CPU.ActiveCfg = Release|Any CPU
		{9A39091C-9669-4D83-AD50-DF47F45D0EE8}.Release|Any CPU.Build.0 = Release|Any CPU
		{9A39091C-9669-4D83-AD50-DF47F45D0EE8}.Release|x86.ActiveCfg = Release|Any CPU
		{9A39091C-9669-4D83-AD50-DF47F45D0EE8}.Release|x86.Build.0 = Release|Any CPU
		{6E291676-C684-4405-BD5C-7370872A96D9}.Debug|Any CPU.ActiveCfg = Debug|Any CPU
		{6E291676-C684-4405-BD5C-7370872A96D9}.Debug|Any CPU.Build.0 = Debug|Any CPU
		{6E291676-C684-4405-BD5C-7370872A96D9}.Debug|x86.ActiveCfg = Debug|Any CPU
		{6E291676-C684-4405-BD5C-7370872A96D9}.Debug|x86.Build.0 = Debug|Any CPU
		{6E291676-C684-4405-BD5C-7370872A96D9}.Release|Any CPU.ActiveCfg = Release|Any CPU
		{6E291676-C684-4405-BD5C-7370872A96D9}.Release|Any CPU.Build.0 = Release|Any CPU
		{6E291676-C684-4405-BD5C-7370872A96D9}.Release|x86.ActiveCfg = Release|Any CPU
		{6E291676-C684-4405-BD5C-7370872A96D9}.Release|x86.Build.0 = Release|Any CPU
		{9EB5B6A1-841D-4705-B34F-070A6C927567}.Debug|Any CPU.ActiveCfg = Debug|Any CPU
		{9EB5B6A1-841D-4705-B34F-070A6C927567}.Debug|Any CPU.Build.0 = Debug|Any CPU
		{9EB5B6A1-841D-4705-B34F-070A6C927567}.Debug|x86.ActiveCfg = Debug|Any CPU
		{9EB5B6A1-841D-4705-B34F-070A6C927567}.Debug|x86.Build.0 = Debug|Any CPU
		{9EB5B6A1-841D-4705-B34F-070A6C927567}.Release|Any CPU.ActiveCfg = Release|Any CPU
		{9EB5B6A1-841D-4705-B34F-070A6C927567}.Release|Any CPU.Build.0 = Release|Any CPU
		{9EB5B6A1-841D-4705-B34F-070A6C927567}.Release|x86.ActiveCfg = Release|Any CPU
		{9EB5B6A1-841D-4705-B34F-070A6C927567}.Release|x86.Build.0 = Release|Any CPU
		{61F513D5-8B78-4B97-A949-D8C2D5C7E57C}.Debug|Any CPU.ActiveCfg = Debug|Any CPU
		{61F513D5-8B78-4B97-A949-D8C2D5C7E57C}.Debug|Any CPU.Build.0 = Debug|Any CPU
		{61F513D5-8B78-4B97-A949-D8C2D5C7E57C}.Debug|x86.ActiveCfg = Debug|Any CPU
		{61F513D5-8B78-4B97-A949-D8C2D5C7E57C}.Debug|x86.Build.0 = Debug|Any CPU
		{61F513D5-8B78-4B97-A949-D8C2D5C7E57C}.Release|Any CPU.ActiveCfg = Release|Any CPU
		{61F513D5-8B78-4B97-A949-D8C2D5C7E57C}.Release|Any CPU.Build.0 = Release|Any CPU
		{61F513D5-8B78-4B97-A949-D8C2D5C7E57C}.Release|x86.ActiveCfg = Release|Any CPU
		{61F513D5-8B78-4B97-A949-D8C2D5C7E57C}.Release|x86.Build.0 = Release|Any CPU
	EndGlobalSection
	GlobalSection(SolutionProperties) = preSolution
		HideSolutionNode = FALSE
	EndGlobalSection
	GlobalSection(ExtensibilityGlobals) = postSolution
		SolutionGuid = {54554C3E-6B75-4D6F-A4CB-6D5F99763F01}
	EndGlobalSection
EndGlobal
